# THIS IS AN AUTOGENERATED FILE. DO NOT EDIT THIS FILE DIRECTLY.
# yarn lockfile v1


"@types/node@*", "@types/node@^10.12.18":
  version "10.12.18"
  resolved "https://registry.yarnpkg.com/@types/node/-/node-10.12.18.tgz#1d3ca764718915584fcd9f6344621b7672665c67"
  integrity sha512-fh+pAqt4xRzPfqA6eh3Z2y6fyZavRIumvjhaCL753+TVkGKGhpPeyrJG2JftD0T9q4GF00KjefsQ+PQNDdWQaQ==

"@types/pg-types@*":
  version "1.11.4"
  resolved "https://registry.yarnpkg.com/@types/pg-types/-/pg-types-1.11.4.tgz#8d7c59fb509ce3dca3f8bae589252051c639a9a8"
  integrity sha512-WdIiQmE347LGc1Vq3Ki8sk3iyCuLgnccqVzgxek6gEHp2H0p3MQ3jniIHt+bRODXKju4kNQ+mp53lmP5+/9moQ==
  dependencies:
    moment ">=2.14.0"

"@types/pg@^7.4.11":
  version "7.4.11"
  resolved "https://registry.yarnpkg.com/@types/pg/-/pg-7.4.11.tgz#dcc560e89c17d859c83c91ad3faf60bfeacaad6c"
  integrity sha512-Eksj2yOBNHnNqLuU1AqwF1qXgdaYDcWVH1ZQlxS7k1i34+JZd/ZNd15ugIpTVQxmBBMqjliJstmrnusjXy08Tg==
  dependencies:
    "@types/node" "*"
    "@types/pg-types" "*"

moment@>=2.14.0:
  version "2.24.0"
  resolved "https://registry.yarnpkg.com/moment/-/moment-2.24.0.tgz#0d055d53f5052aa653c9f6eb68bb5d12bf5c2b5b"
  integrity sha512-bV7f+6l2QigeBBZSM/6yTNq4P2fNpSWj/0e7jQcy87A8e7o2nAfP/34/2ky5Vw4B9S446EtIhodAzkFCcR4dQg==

typescript@^3.3.0-dev.20190119:
  version "3.3.0-dev.20190119"
  resolved "https://registry.yarnpkg.com/typescript/-/typescript-3.3.0-dev.20190119.tgz#ea338e9ddf023a67fe1c244e51321933a1080203"
  integrity sha512-idvKUbbKtDznX5dUsS9HuamKPpI4UrGkhjGFcDBeFEBxjQuZ9bSFtIiutAoh197PoWrzksqVRoRXMzt3VpiK6Q==
